// !$*UTF8*$!
{
	archiveVersion = 1;
	classes = {
	};
	objectVersion = 50;
	objects = {

/* Begin PBXBuildFile section */
		0219189421B46BAA0072A78D /* Settings.swift in Sources */ = {isa = PBXBuildFile; fileRef = 0219189321B46BAA0072A78D /* Settings.swift */; };
		0242110921B18D8A00787F9B /* Utils.swift in Sources */ = {isa = PBXBuildFile; fileRef = 0242110821B18D8A00787F9B /* Utils.swift */; };
		0242110D21B1ED4D00787F9B /* ImageLoader.swift in Sources */ = {isa = PBXBuildFile; fileRef = 0242110C21B1ED4D00787F9B /* ImageLoader.swift */; };
		0242110F21B2A7BC00787F9B /* ArticleDetailsViewController.xib in Resources */ = {isa = PBXBuildFile; fileRef = 0242110E21B2A7BC00787F9B /* ArticleDetailsViewController.xib */; };
		02618FC221B0052E00E228B2 /* AppDelegate.swift in Sources */ = {isa = PBXBuildFile; fileRef = 02618FC121B0052E00E228B2 /* AppDelegate.swift */; };
		02618FCC21B0053000E228B2 /* Assets.xcassets in Resources */ = {isa = PBXBuildFile; fileRef = 02618FCB21B0053000E228B2 /* Assets.xcassets */; };
		02618FCF21B0053000E228B2 /* LaunchScreen.storyboard in Resources */ = {isa = PBXBuildFile; fileRef = 02618FCD21B0053000E228B2 /* LaunchScreen.storyboard */; };
		0261900121B0098C00E228B2 /* Localizable.strings in Resources */ = {isa = PBXBuildFile; fileRef = 0261900321B0098C00E228B2 /* Localizable.strings */; };
		0261900721B00B6100E228B2 /* String+Ext.swift in Sources */ = {isa = PBXBuildFile; fileRef = 0261900621B00B6100E228B2 /* String+Ext.swift */; };
		02F28C4421B01A2A00569CD3 /* ArticlesViewController.swift in Sources */ = {isa = PBXBuildFile; fileRef = 02F28C4221B01A2A00569CD3 /* ArticlesViewController.swift */; };
		02F28C4521B01A2A00569CD3 /* ArticlesViewController.xib in Resources */ = {isa = PBXBuildFile; fileRef = 02F28C4321B01A2A00569CD3 /* ArticlesViewController.xib */; };
		02F28C4C21B0229A00569CD3 /* ArticlesResponseModel.swift in Sources */ = {isa = PBXBuildFile; fileRef = 02F28C4B21B0229A00569CD3 /* ArticlesResponseModel.swift */; };
		02F28C4E21B0237D00569CD3 /* NetworkService.swift in Sources */ = {isa = PBXBuildFile; fileRef = 02F28C4D21B0237D00569CD3 /* NetworkService.swift */; };
		02F28C5421B0366D00569CD3 /* Constants.swift in Sources */ = {isa = PBXBuildFile; fileRef = 02F28C5321B0366D00569CD3 /* Constants.swift */; };
		02F28C5721B0A02800569CD3 /* ArticleTableViewCell.swift in Sources */ = {isa = PBXBuildFile; fileRef = 02F28C5521B0A02800569CD3 /* ArticleTableViewCell.swift */; };
		02F28C5821B0A02800569CD3 /* ArticleTableViewCell.xib in Resources */ = {isa = PBXBuildFile; fileRef = 02F28C5621B0A02800569CD3 /* ArticleTableViewCell.xib */; };
		02F28C5B21B13FC500569CD3 /* ArticlesModuleBuilder.swift in Sources */ = {isa = PBXBuildFile; fileRef = 02F28C5A21B13FC500569CD3 /* ArticlesModuleBuilder.swift */; };
		02F28C5D21B1406700569CD3 /* ArticlesInteractor.swift in Sources */ = {isa = PBXBuildFile; fileRef = 02F28C5C21B1406700569CD3 /* ArticlesInteractor.swift */; };
		02F28C5F21B140A400569CD3 /* ArticlesPresenter.swift in Sources */ = {isa = PBXBuildFile; fileRef = 02F28C5E21B140A400569CD3 /* ArticlesPresenter.swift */; };
		02F28C6121B140D000569CD3 /* ArticlesRouter.swift in Sources */ = {isa = PBXBuildFile; fileRef = 02F28C6021B140D000569CD3 /* ArticlesRouter.swift */; };
		02F28C8821B1507600569CD3 /* ArticlesContract.swift in Sources */ = {isa = PBXBuildFile; fileRef = 02F28C8721B1507600569CD3 /* ArticlesContract.swift */; };
		02F28C9D21B157B000569CD3 /* ArticleDetailsPresenter.swift in Sources */ = {isa = PBXBuildFile; fileRef = 02F28C9421B157B000569CD3 /* ArticleDetailsPresenter.swift */; };
		02F28C9E21B157B000569CD3 /* ArticleDetailsViewController.swift in Sources */ = {isa = PBXBuildFile; fileRef = 02F28C9621B157B000569CD3 /* ArticleDetailsViewController.swift */; };
		02F28C9F21B157B000569CD3 /* ArticleDetailsContract.swift in Sources */ = {isa = PBXBuildFile; fileRef = 02F28C9821B157B000569CD3 /* ArticleDetailsContract.swift */; };
		02F28CA021B157B000569CD3 /* ArticleDetailsRouter.swift in Sources */ = {isa = PBXBuildFile; fileRef = 02F28C9A21B157B000569CD3 /* ArticleDetailsRouter.swift */; };
		02F28CA121B157B000569CD3 /* ArticleDetailsInteractor.swift in Sources */ = {isa = PBXBuildFile; fileRef = 02F28C9C21B157B000569CD3 /* ArticleDetailsInteractor.swift */; };
		02F28CA421B1581A00569CD3 /* ArticleDetailsBuilder.swift in Sources */ = {isa = PBXBuildFile; fileRef = 02F28CA321B1581A00569CD3 /* ArticleDetailsBuilder.swift */; };
		02F28CA721B1739B00569CD3 /* ApiService.swift in Sources */ = {isa = PBXBuildFile; fileRef = 02F28CA621B1739B00569CD3 /* ApiService.swift */; };
/* End PBXBuildFile section */

/* Begin PBXContainerItemProxy section */
		02618FD621B0053000E228B2 /* PBXContainerItemProxy */ = {
			isa = PBXContainerItemProxy;
			containerPortal = 02618FB621B0052E00E228B2 /* Project object */;
			proxyType = 1;
			remoteGlobalIDString = 02618FBD21B0052E00E228B2;
			remoteInfo = NewsReader;
		};
		02618FE121B0053000E228B2 /* PBXContainerItemProxy */ = {
			isa = PBXContainerItemProxy;
			containerPortal = 02618FB621B0052E00E228B2 /* Project object */;
			proxyType = 1;
			remoteGlobalIDString = 02618FBD21B0052E00E228B2;
			remoteInfo = NewsReader;
		};
/* End PBXContainerItemProxy section */

/* Begin PBXFileReference section */
		0219189321B46BAA0072A78D /* Settings.swift */ = {isa = PBXFileReference; lastKnownFileType = sourcecode.swift; path = Settings.swift; sourceTree = "<group>"; };
		0242110821B18D8A00787F9B /* Utils.swift */ = {isa = PBXFileReference; lastKnownFileType = sourcecode.swift; path = Utils.swift; sourceTree = "<group>"; };
		0242110C21B1ED4D00787F9B /* ImageLoader.swift */ = {isa = PBXFileReference; lastKnownFileType = sourcecode.swift; path = ImageLoader.swift; sourceTree = "<group>"; };
		0242110E21B2A7BC00787F9B /* ArticleDetailsViewController.xib */ = {isa = PBXFileReference; lastKnownFileType = file.xib; path = ArticleDetailsViewController.xib; sourceTree = "<group>"; };
		02618FBE21B0052E00E228B2 /* NewsReader.app */ = {isa = PBXFileReference; explicitFileType = wrapper.application; includeInIndex = 0; path = NewsReader.app; sourceTree = BUILT_PRODUCTS_DIR; };
		02618FC121B0052E00E228B2 /* AppDelegate.swift */ = {isa = PBXFileReference; lastKnownFileType = sourcecode.swift; path = AppDelegate.swift; sourceTree = "<group>"; };
		02618FCB21B0053000E228B2 /* Assets.xcassets */ = {isa = PBXFileReference; lastKnownFileType = folder.assetcatalog; path = Assets.xcassets; sourceTree = "<group>"; };
		02618FCE21B0053000E228B2 /* Base */ = {isa = PBXFileReference; lastKnownFileType = file.storyboard; name = Base; path = Base.lproj/LaunchScreen.storyboard; sourceTree = "<group>"; };
		02618FD021B0053000E228B2 /* Info.plist */ = {isa = PBXFileReference; lastKnownFileType = text.plist.xml; path = Info.plist; sourceTree = "<group>"; };
		02618FD521B0053000E228B2 /* NewsReaderTests.xctest */ = {isa = PBXFileReference; explicitFileType = wrapper.cfbundle; includeInIndex = 0; path = NewsReaderTests.xctest; sourceTree = BUILT_PRODUCTS_DIR; };
		02618FE021B0053000E228B2 /* NewsReaderUITests.xctest */ = {isa = PBXFileReference; explicitFileType = wrapper.cfbundle; includeInIndex = 0; path = NewsReaderUITests.xctest; sourceTree = BUILT_PRODUCTS_DIR; };
		02618FFE21B0082900E228B2 /* hr */ = {isa = PBXFileReference; lastKnownFileType = text.plist.strings; name = hr; path = hr.lproj/LaunchScreen.strings; sourceTree = "<group>"; };
		0261900221B0098C00E228B2 /* hr */ = {isa = PBXFileReference; lastKnownFileType = text.plist.strings; name = hr; path = hr.lproj/Localizable.strings; sourceTree = "<group>"; };
		0261900421B009B200E228B2 /* en */ = {isa = PBXFileReference; lastKnownFileType = text.plist.strings; name = en; path = en.lproj/Localizable.strings; sourceTree = "<group>"; };
		0261900621B00B6100E228B2 /* String+Ext.swift */ = {isa = PBXFileReference; lastKnownFileType = sourcecode.swift; path = "String+Ext.swift"; sourceTree = "<group>"; };
		02F28C4221B01A2A00569CD3 /* ArticlesViewController.swift */ = {isa = PBXFileReference; lastKnownFileType = sourcecode.swift; path = ArticlesViewController.swift; sourceTree = "<group>"; };
		02F28C4321B01A2A00569CD3 /* ArticlesViewController.xib */ = {isa = PBXFileReference; lastKnownFileType = file.xib; path = ArticlesViewController.xib; sourceTree = "<group>"; };
		02F28C4B21B0229A00569CD3 /* ArticlesResponseModel.swift */ = {isa = PBXFileReference; lastKnownFileType = sourcecode.swift; path = ArticlesResponseModel.swift; sourceTree = "<group>"; };
		02F28C4D21B0237D00569CD3 /* NetworkService.swift */ = {isa = PBXFileReference; lastKnownFileType = sourcecode.swift; path = NetworkService.swift; sourceTree = "<group>"; };
		02F28C5321B0366D00569CD3 /* Constants.swift */ = {isa = PBXFileReference; lastKnownFileType = sourcecode.swift; path = Constants.swift; sourceTree = "<group>"; };
		02F28C5521B0A02800569CD3 /* ArticleTableViewCell.swift */ = {isa = PBXFileReference; lastKnownFileType = sourcecode.swift; path = ArticleTableViewCell.swift; sourceTree = "<group>"; };
		02F28C5621B0A02800569CD3 /* ArticleTableViewCell.xib */ = {isa = PBXFileReference; lastKnownFileType = file.xib; path = ArticleTableViewCell.xib; sourceTree = "<group>"; };
		02F28C5A21B13FC500569CD3 /* ArticlesModuleBuilder.swift */ = {isa = PBXFileReference; lastKnownFileType = sourcecode.swift; path = ArticlesModuleBuilder.swift; sourceTree = "<group>"; };
		02F28C5C21B1406700569CD3 /* ArticlesInteractor.swift */ = {isa = PBXFileReference; lastKnownFileType = sourcecode.swift; path = ArticlesInteractor.swift; sourceTree = "<group>"; };
		02F28C5E21B140A400569CD3 /* ArticlesPresenter.swift */ = {isa = PBXFileReference; lastKnownFileType = sourcecode.swift; path = ArticlesPresenter.swift; sourceTree = "<group>"; };
		02F28C6021B140D000569CD3 /* ArticlesRouter.swift */ = {isa = PBXFileReference; lastKnownFileType = sourcecode.swift; path = ArticlesRouter.swift; sourceTree = "<group>"; };
		02F28C8721B1507600569CD3 /* ArticlesContract.swift */ = {isa = PBXFileReference; lastKnownFileType = sourcecode.swift; path = ArticlesContract.swift; sourceTree = "<group>"; };
		02F28C9421B157B000569CD3 /* ArticleDetailsPresenter.swift */ = {isa = PBXFileReference; fileEncoding = 4; lastKnownFileType = sourcecode.swift; path = ArticleDetailsPresenter.swift; sourceTree = "<group>"; };
		02F28C9621B157B000569CD3 /* ArticleDetailsViewController.swift */ = {isa = PBXFileReference; fileEncoding = 4; lastKnownFileType = sourcecode.swift; path = ArticleDetailsViewController.swift; sourceTree = "<group>"; };
		02F28C9821B157B000569CD3 /* ArticleDetailsContract.swift */ = {isa = PBXFileReference; fileEncoding = 4; lastKnownFileType = sourcecode.swift; path = ArticleDetailsContract.swift; sourceTree = "<group>"; };
		02F28C9A21B157B000569CD3 /* ArticleDetailsRouter.swift */ = {isa = PBXFileReference; fileEncoding = 4; lastKnownFileType = sourcecode.swift; path = ArticleDetailsRouter.swift; sourceTree = "<group>"; };
		02F28C9C21B157B000569CD3 /* ArticleDetailsInteractor.swift */ = {isa = PBXFileReference; fileEncoding = 4; lastKnownFileType = sourcecode.swift; path = ArticleDetailsInteractor.swift; sourceTree = "<group>"; };
		02F28CA321B1581A00569CD3 /* ArticleDetailsBuilder.swift */ = {isa = PBXFileReference; lastKnownFileType = sourcecode.swift; path = ArticleDetailsBuilder.swift; sourceTree = "<group>"; };
		02F28CA621B1739B00569CD3 /* ApiService.swift */ = {isa = PBXFileReference; lastKnownFileType = sourcecode.swift; path = ApiService.swift; sourceTree = "<group>"; };
/* End PBXFileReference section */

/* Begin PBXFrameworksBuildPhase section */
		02618FBB21B0052E00E228B2 /* Frameworks */ = {
			isa = PBXFrameworksBuildPhase;
			buildActionMask = 2147483647;
			files = (
			);
			runOnlyForDeploymentPostprocessing = 0;
		};
		02618FD221B0053000E228B2 /* Frameworks */ = {
			isa = PBXFrameworksBuildPhase;
			buildActionMask = 2147483647;
			files = (
			);
			runOnlyForDeploymentPostprocessing = 0;
		};
		02618FDD21B0053000E228B2 /* Frameworks */ = {
			isa = PBXFrameworksBuildPhase;
			buildActionMask = 2147483647;
			files = (
			);
			runOnlyForDeploymentPostprocessing = 0;
		};
/* End PBXFrameworksBuildPhase section */

/* Begin PBXGroup section */
		0242110721B18D5D00787F9B /* Utils */ = {
			isa = PBXGroup;
			children = (
				0242110821B18D8A00787F9B /* Utils.swift */,
			);
			path = Utils;
			sourceTree = "<group>";
		};
		02618FB521B0052E00E228B2 = {
			isa = PBXGroup;
			children = (
				02618FC021B0052E00E228B2 /* NewsReader */,
				02618FBF21B0052E00E228B2 /* Products */,
			);
			sourceTree = "<group>";
		};
		02618FBF21B0052E00E228B2 /* Products */ = {
			isa = PBXGroup;
			children = (
				02618FBE21B0052E00E228B2 /* NewsReader.app */,
				02618FD521B0053000E228B2 /* NewsReaderTests.xctest */,
				02618FE021B0053000E228B2 /* NewsReaderUITests.xctest */,
			);
			name = Products;
			sourceTree = "<group>";
		};
		02618FC021B0052E00E228B2 /* NewsReader */ = {
			isa = PBXGroup;
			children = (
				02618FF821B005BF00E228B2 /* Modules */,
				02F28C4121B0191C00569CD3 /* Service */,
				02618FF921B005E800E228B2 /* SupportingFiles */,
				0261900521B00B3D00E228B2 /* Extensions */,
				0242110721B18D5D00787F9B /* Utils */,
			);
			path = NewsReader;
			sourceTree = "<group>";
		};
		02618FF321B0056C00E228B2 /* Entity */ = {
			isa = PBXGroup;
			children = (
				02F28C4B21B0229A00569CD3 /* ArticlesResponseModel.swift */,
			);
			path = Entity;
			sourceTree = "<group>";
		};
		02618FF421B0057D00E228B2 /* Interactor */ = {
			isa = PBXGroup;
			children = (
				02F28C5C21B1406700569CD3 /* ArticlesInteractor.swift */,
			);
			path = Interactor;
			sourceTree = "<group>";
		};
		02618FF521B0059000E228B2 /* View */ = {
			isa = PBXGroup;
			children = (
				02F28C4221B01A2A00569CD3 /* ArticlesViewController.swift */,
				02F28C4321B01A2A00569CD3 /* ArticlesViewController.xib */,
				02F28C4621B01ACE00569CD3 /* ArticleTableViewCell */,
			);
			path = View;
			sourceTree = "<group>";
		};
		02618FF621B0059A00E228B2 /* Presenter */ = {
			isa = PBXGroup;
			children = (
				02F28C5E21B140A400569CD3 /* ArticlesPresenter.swift */,
			);
			path = Presenter;
			sourceTree = "<group>";
		};
		02618FF721B005A700E228B2 /* Router */ = {
			isa = PBXGroup;
			children = (
				02F28C6021B140D000569CD3 /* ArticlesRouter.swift */,
			);
			path = Router;
			sourceTree = "<group>";
		};
		02618FF821B005BF00E228B2 /* Modules */ = {
			isa = PBXGroup;
			children = (
				02618FFB21B0068400E228B2 /* ArticlesModule */,
				02F28C3821B0185400569CD3 /* ArticleDetailsModule */,
			);
			path = Modules;
			sourceTree = "<group>";
		};
		02618FF921B005E800E228B2 /* SupportingFiles */ = {
			isa = PBXGroup;
			children = (
				02618FC121B0052E00E228B2 /* AppDelegate.swift */,
				0261900321B0098C00E228B2 /* Localizable.strings */,
				02F28C5321B0366D00569CD3 /* Constants.swift */,
				02618FD021B0053000E228B2 /* Info.plist */,
				02618FCB21B0053000E228B2 /* Assets.xcassets */,
				02618FCD21B0053000E228B2 /* LaunchScreen.storyboard */,
			);
			path = SupportingFiles;
			sourceTree = "<group>";
		};
		02618FFB21B0068400E228B2 /* ArticlesModule */ = {
			isa = PBXGroup;
			children = (
				02F28C8621B1506300569CD3 /* Contract */,
				02F28C5921B13FAE00569CD3 /* Builder */,
				02618FF521B0059000E228B2 /* View */,
				02618FF421B0057D00E228B2 /* Interactor */,
				02618FF621B0059A00E228B2 /* Presenter */,
				02618FF321B0056C00E228B2 /* Entity */,
				02618FF721B005A700E228B2 /* Router */,
			);
			path = ArticlesModule;
			sourceTree = "<group>";
		};
		0261900521B00B3D00E228B2 /* Extensions */ = {
			isa = PBXGroup;
			children = (
				0261900621B00B6100E228B2 /* String+Ext.swift */,
			);
			path = Extensions;
			sourceTree = "<group>";
		};
		02F28C3821B0185400569CD3 /* ArticleDetailsModule */ = {
			isa = PBXGroup;
			children = (
				02F28C9721B157B000569CD3 /* Contract */,
				02F28CA221B157FE00569CD3 /* ArticleDetailsBuilder */,
				02F28C9521B157B000569CD3 /* View */,
				02F28C9B21B157B000569CD3 /* Interactor */,
				02F28C9321B157B000569CD3 /* Presenter */,
				02F28C9921B157B000569CD3 /* Router */,
			);
			path = ArticleDetailsModule;
			sourceTree = "<group>";
		};
		02F28C4121B0191C00569CD3 /* Service */ = {
			isa = PBXGroup;
			children = (
				02F28C4D21B0237D00569CD3 /* NetworkService.swift */,
				02F28CA621B1739B00569CD3 /* ApiService.swift */,
				0242110C21B1ED4D00787F9B /* ImageLoader.swift */,
				0219189321B46BAA0072A78D /* Settings.swift */,
			);
			path = Service;
			sourceTree = "<group>";
		};
		02F28C4621B01ACE00569CD3 /* ArticleTableViewCell */ = {
			isa = PBXGroup;
			children = (
				02F28C5521B0A02800569CD3 /* ArticleTableViewCell.swift */,
				02F28C5621B0A02800569CD3 /* ArticleTableViewCell.xib */,
			);
			path = ArticleTableViewCell;
			sourceTree = "<group>";
		};
		02F28C5921B13FAE00569CD3 /* Builder */ = {
			isa = PBXGroup;
			children = (
				02F28C5A21B13FC500569CD3 /* ArticlesModuleBuilder.swift */,
			);
			path = Builder;
			sourceTree = "<group>";
		};
		02F28C8621B1506300569CD3 /* Contract */ = {
			isa = PBXGroup;
			children = (
				02F28C8721B1507600569CD3 /* ArticlesContract.swift */,
			);
			path = Contract;
			sourceTree = "<group>";
		};
		02F28C9321B157B000569CD3 /* Presenter */ = {
			isa = PBXGroup;
			children = (
				02F28C9421B157B000569CD3 /* ArticleDetailsPresenter.swift */,
			);
			path = Presenter;
			sourceTree = "<group>";
		};
		02F28C9521B157B000569CD3 /* View */ = {
			isa = PBXGroup;
			children = (
				02F28C9621B157B000569CD3 /* ArticleDetailsViewController.swift */,
				0242110E21B2A7BC00787F9B /* ArticleDetailsViewController.xib */,
			);
			path = View;
			sourceTree = "<group>";
		};
		02F28C9721B157B000569CD3 /* Contract */ = {
			isa = PBXGroup;
			children = (
				02F28C9821B157B000569CD3 /* ArticleDetailsContract.swift */,
			);
			path = Contract;
			sourceTree = "<group>";
		};
		02F28C9921B157B000569CD3 /* Router */ = {
			isa = PBXGroup;
			children = (
				02F28C9A21B157B000569CD3 /* ArticleDetailsRouter.swift */,
			);
			path = Router;
			sourceTree = "<group>";
		};
		02F28C9B21B157B000569CD3 /* Interactor */ = {
			isa = PBXGroup;
			children = (
				02F28C9C21B157B000569CD3 /* ArticleDetailsInteractor.swift */,
			);
			path = Interactor;
			sourceTree = "<group>";
		};
		02F28CA221B157FE00569CD3 /* ArticleDetailsBuilder */ = {
			isa = PBXGroup;
			children = (
				02F28CA321B1581A00569CD3 /* ArticleDetailsBuilder.swift */,
			);
			path = ArticleDetailsBuilder;
			sourceTree = "<group>";
		};
/* End PBXGroup section */

/* Begin PBXNativeTarget section */
		02618FBD21B0052E00E228B2 /* NewsReader */ = {
			isa = PBXNativeTarget;
			buildConfigurationList = 02618FE921B0053000E228B2 /* Build configuration list for PBXNativeTarget "NewsReader" */;
			buildPhases = (
				02618FBA21B0052E00E228B2 /* Sources */,
				02618FBB21B0052E00E228B2 /* Frameworks */,
				02618FBC21B0052E00E228B2 /* Resources */,
			);
			buildRules = (
			);
			dependencies = (
			);
			name = NewsReader;
			productName = NewsReader;
			productReference = 02618FBE21B0052E00E228B2 /* NewsReader.app */;
			productType = "com.apple.product-type.application";
		};
		02618FD421B0053000E228B2 /* NewsReaderTests */ = {
			isa = PBXNativeTarget;
			buildConfigurationList = 02618FEC21B0053000E228B2 /* Build configuration list for PBXNativeTarget "NewsReaderTests" */;
			buildPhases = (
				02618FD121B0053000E228B2 /* Sources */,
				02618FD221B0053000E228B2 /* Frameworks */,
				02618FD321B0053000E228B2 /* Resources */,
			);
			buildRules = (
			);
			dependencies = (
				02618FD721B0053000E228B2 /* PBXTargetDependency */,
			);
			name = NewsReaderTests;
			productName = NewsReaderTests;
			productReference = 02618FD521B0053000E228B2 /* NewsReaderTests.xctest */;
			productType = "com.apple.product-type.bundle.unit-test";
		};
		02618FDF21B0053000E228B2 /* NewsReaderUITests */ = {
			isa = PBXNativeTarget;
			buildConfigurationList = 02618FEF21B0053000E228B2 /* Build configuration list for PBXNativeTarget "NewsReaderUITests" */;
			buildPhases = (
				02618FDC21B0053000E228B2 /* Sources */,
				02618FDD21B0053000E228B2 /* Frameworks */,
				02618FDE21B0053000E228B2 /* Resources */,
			);
			buildRules = (
			);
			dependencies = (
				02618FE221B0053000E228B2 /* PBXTargetDependency */,
			);
			name = NewsReaderUITests;
			productName = NewsReaderUITests;
			productReference = 02618FE021B0053000E228B2 /* NewsReaderUITests.xctest */;
			productType = "com.apple.product-type.bundle.ui-testing";
		};
/* End PBXNativeTarget section */

/* Begin PBXProject section */
		02618FB621B0052E00E228B2 /* Project object */ = {
			isa = PBXProject;
			attributes = {
				LastSwiftUpdateCheck = 1010;
				LastUpgradeCheck = 1010;
				ORGANIZATIONNAME = "Sinisa Vukovic";
				TargetAttributes = {
					02618FBD21B0052E00E228B2 = {
						CreatedOnToolsVersion = 10.1;
					};
					02618FD421B0053000E228B2 = {
						CreatedOnToolsVersion = 10.1;
						TestTargetID = 02618FBD21B0052E00E228B2;
					};
					02618FDF21B0053000E228B2 = {
						CreatedOnToolsVersion = 10.1;
						TestTargetID = 02618FBD21B0052E00E228B2;
					};
				};
			};
			buildConfigurationList = 02618FB921B0052E00E228B2 /* Build configuration list for PBXProject "NewsReader" */;
			compatibilityVersion = "Xcode 9.3";
			developmentRegion = en;
			hasScannedForEncodings = 0;
			knownRegions = (
				en,
				Base,
			);
			mainGroup = 02618FB521B0052E00E228B2;
			productRefGroup = 02618FBF21B0052E00E228B2 /* Products */;
			projectDirPath = "";
			projectRoot = "";
			targets = (
				02618FBD21B0052E00E228B2 /* NewsReader */,
				02618FD421B0053000E228B2 /* NewsReaderTests */,
				02618FDF21B0053000E228B2 /* NewsReaderUITests */,
			);
		};
/* End PBXProject section */

/* Begin PBXResourcesBuildPhase section */
		02618FBC21B0052E00E228B2 /* Resources */ = {
			isa = PBXResourcesBuildPhase;
			buildActionMask = 2147483647;
			files = (
				02F28C5821B0A02800569CD3 /* ArticleTableViewCell.xib in Resources */,
				02618FCF21B0053000E228B2 /* LaunchScreen.storyboard in Resources */,
				02F28C4521B01A2A00569CD3 /* ArticlesViewController.xib in Resources */,
				0261900121B0098C00E228B2 /* Localizable.strings in Resources */,
				0242110F21B2A7BC00787F9B /* ArticleDetailsViewController.xib in Resources */,
				02618FCC21B0053000E228B2 /* Assets.xcassets in Resources */,
			);
			runOnlyForDeploymentPostprocessing = 0;
		};
		02618FD321B0053000E228B2 /* Resources */ = {
			isa = PBXResourcesBuildPhase;
			buildActionMask = 2147483647;
			files = (
			);
			runOnlyForDeploymentPostprocessing = 0;
		};
		02618FDE21B0053000E228B2 /* Resources */ = {
			isa = PBXResourcesBuildPhase;
			buildActionMask = 2147483647;
			files = (
			);
			runOnlyForDeploymentPostprocessing = 0;
		};
/* End PBXResourcesBuildPhase section */

/* Begin PBXSourcesBuildPhase section */
		02618FBA21B0052E00E228B2 /* Sources */ = {
			isa = PBXSourcesBuildPhase;
			buildActionMask = 2147483647;
			files = (
				02F28C5721B0A02800569CD3 /* ArticleTableViewCell.swift in Sources */,
				02F28CA121B157B000569CD3 /* ArticleDetailsInteractor.swift in Sources */,
				02F28CA421B1581A00569CD3 /* ArticleDetailsBuilder.swift in Sources */,
				0261900721B00B6100E228B2 /* String+Ext.swift in Sources */,
				02F28CA721B1739B00569CD3 /* ApiService.swift in Sources */,
				02F28C9F21B157B000569CD3 /* ArticleDetailsContract.swift in Sources */,
				02F28C4E21B0237D00569CD3 /* NetworkService.swift in Sources */,
				02F28C8821B1507600569CD3 /* ArticlesContract.swift in Sources */,
				02618FC221B0052E00E228B2 /* AppDelegate.swift in Sources */,
				02F28C5F21B140A400569CD3 /* ArticlesPresenter.swift in Sources */,
				0242110D21B1ED4D00787F9B /* ImageLoader.swift in Sources */,
				02F28C5421B0366D00569CD3 /* Constants.swift in Sources */,
				02F28C5B21B13FC500569CD3 /* ArticlesModuleBuilder.swift in Sources */,
				02F28C4C21B0229A00569CD3 /* ArticlesResponseModel.swift in Sources */,
				02F28C5D21B1406700569CD3 /* ArticlesInteractor.swift in Sources */,
				02F28C9D21B157B000569CD3 /* ArticleDetailsPresenter.swift in Sources */,
				0219189421B46BAA0072A78D /* Settings.swift in Sources */,
				02F28CA021B157B000569CD3 /* ArticleDetailsRouter.swift in Sources */,
				02F28C6121B140D000569CD3 /* ArticlesRouter.swift in Sources */,
				02F28C9E21B157B000569CD3 /* ArticleDetailsViewController.swift in Sources */,
				02F28C4421B01A2A00569CD3 /* ArticlesViewController.swift in Sources */,
				0242110921B18D8A00787F9B /* Utils.swift in Sources */,
			);
			runOnlyForDeploymentPostprocessing = 0;
		};
		02618FD121B0053000E228B2 /* Sources */ = {
			isa = PBXSourcesBuildPhase;
			buildActionMask = 2147483647;
			files = (
			);
			runOnlyForDeploymentPostprocessing = 0;
		};
		02618FDC21B0053000E228B2 /* Sources */ = {
			isa = PBXSourcesBuildPhase;
			buildActionMask = 2147483647;
			files = (
			);
			runOnlyForDeploymentPostprocessing = 0;
		};
/* End PBXSourcesBuildPhase section */

/* Begin PBXTargetDependency section */
		02618FD721B0053000E228B2 /* PBXTargetDependency */ = {
			isa = PBXTargetDependency;
			target = 02618FBD21B0052E00E228B2 /* NewsReader */;
			targetProxy = 02618FD621B0053000E228B2 /* PBXContainerItemProxy */;
		};
		02618FE221B0053000E228B2 /* PBXTargetDependency */ = {
			isa = PBXTargetDependency;
			target = 02618FBD21B0052E00E228B2 /* NewsReader */;
			targetProxy = 02618FE121B0053000E228B2 /* PBXContainerItemProxy */;
		};
/* End PBXTargetDependency section */

/* Begin PBXVariantGroup section */
		02618FCD21B0053000E228B2 /* LaunchScreen.storyboard */ = {
			isa = PBXVariantGroup;
			children = (
				02618FCE21B0053000E228B2 /* Base */,
				02618FFE21B0082900E228B2 /* hr */,
			);
			name = LaunchScreen.storyboard;
			sourceTree = "<group>";
		};
		0261900321B0098C00E228B2 /* Localizable.strings */ = {
			isa = PBXVariantGroup;
			children = (
				0261900221B0098C00E228B2 /* hr */,
				0261900421B009B200E228B2 /* en */,
			);
			name = Localizable.strings;
			sourceTree = "<group>";
		};
/* End PBXVariantGroup section */

/* Begin XCBuildConfiguration section */
		02618FE721B0053000E228B2 /* Debug */ = {
			isa = XCBuildConfiguration;
			buildSettings = {
				ALWAYS_SEARCH_USER_PATHS = NO;
				CLANG_ANALYZER_LOCALIZABILITY_NONLOCALIZED = YES;
				CLANG_ANALYZER_NONNULL = YES;
				CLANG_ANALYZER_NUMBER_OBJECT_CONVERSION = YES_AGGRESSIVE;
				CLANG_CXX_LANGUAGE_STANDARD = "gnu++14";
				CLANG_CXX_LIBRARY = "libc++";
				CLANG_ENABLE_MODULES = YES;
				CLANG_ENABLE_OBJC_ARC = YES;
				CLANG_ENABLE_OBJC_WEAK = YES;
				CLANG_WARN_BLOCK_CAPTURE_AUTORELEASING = YES;
				CLANG_WARN_BOOL_CONVERSION = YES;
				CLANG_WARN_COMMA = YES;
				CLANG_WARN_CONSTANT_CONVERSION = YES;
				CLANG_WARN_DEPRECATED_OBJC_IMPLEMENTATIONS = YES;
				CLANG_WARN_DIRECT_OBJC_ISA_USAGE = YES_ERROR;
				CLANG_WARN_DOCUMENTATION_COMMENTS = YES;
				CLANG_WARN_EMPTY_BODY = YES;
				CLANG_WARN_ENUM_CONVERSION = YES;
				CLANG_WARN_INFINITE_RECURSION = YES;
				CLANG_WARN_INT_CONVERSION = YES;
				CLANG_WARN_NON_LITERAL_NULL_CONVERSION = YES;
				CLANG_WARN_OBJC_IMPLICIT_RETAIN_SELF = YES;
				CLANG_WARN_OBJC_LITERAL_CONVERSION = YES;
				CLANG_WARN_OBJC_ROOT_CLASS = YES_ERROR;
				CLANG_WARN_RANGE_LOOP_ANALYSIS = YES;
				CLANG_WARN_STRICT_PROTOTYPES = YES;
				CLANG_WARN_SUSPICIOUS_MOVE = YES;
				CLANG_WARN_UNGUARDED_AVAILABILITY = YES_AGGRESSIVE;
				CLANG_WARN_UNREACHABLE_CODE = YES;
				CLANG_WARN__DUPLICATE_METHOD_MATCH = YES;
				CODE_SIGN_IDENTITY = "iPhone Developer";
				COPY_PHASE_STRIP = NO;
				DEBUG_INFORMATION_FORMAT = dwarf;
				ENABLE_STRICT_OBJC_MSGSEND = YES;
				ENABLE_TESTABILITY = YES;
				GCC_C_LANGUAGE_STANDARD = gnu11;
				GCC_DYNAMIC_NO_PIC = NO;
				GCC_NO_COMMON_BLOCKS = YES;
				GCC_OPTIMIZATION_LEVEL = 0;
				GCC_PREPROCESSOR_DEFINITIONS = (
					"DEBUG=1",
					"$(inherited)",
				);
				GCC_WARN_64_TO_32_BIT_CONVERSION = YES;
				GCC_WARN_ABOUT_RETURN_TYPE = YES_ERROR;
				GCC_WARN_UNDECLARED_SELECTOR = YES;
				GCC_WARN_UNINITIALIZED_AUTOS = YES_AGGRESSIVE;
				GCC_WARN_UNUSED_FUNCTION = YES;
				GCC_WARN_UNUSED_VARIABLE = YES;
				IPHONEOS_DEPLOYMENT_TARGET = 12.1;
				MTL_ENABLE_DEBUG_INFO = INCLUDE_SOURCE;
				MTL_FAST_MATH = YES;
				ONLY_ACTIVE_ARCH = YES;
				SDKROOT = iphoneos;
				SWIFT_ACTIVE_COMPILATION_CONDITIONS = DEBUG;
				SWIFT_OPTIMIZATION_LEVEL = "-Onone";
			};
			name = Debug;
		};
		02618FE821B0053000E228B2 /* Release */ = {
			isa = XCBuildConfiguration;
			buildSettings = {
				ALWAYS_SEARCH_USER_PATHS = NO;
				CLANG_ANALYZER_LOCALIZABILITY_NONLOCALIZED = YES;
				CLANG_ANALYZER_NONNULL = YES;
				CLANG_ANALYZER_NUMBER_OBJECT_CONVERSION = YES_AGGRESSIVE;
				CLANG_CXX_LANGUAGE_STANDARD = "gnu++14";
				CLANG_CXX_LIBRARY = "libc++";
				CLANG_ENABLE_MODULES = YES;
				CLANG_ENABLE_OBJC_ARC = YES;
				CLANG_ENABLE_OBJC_WEAK = YES;
				CLANG_WARN_BLOCK_CAPTURE_AUTORELEASING = YES;
				CLANG_WARN_BOOL_CONVERSION = YES;
				CLANG_WARN_COMMA = YES;
				CLANG_WARN_CONSTANT_CONVERSION = YES;
				CLANG_WARN_DEPRECATED_OBJC_IMPLEMENTATIONS = YES;
				CLANG_WARN_DIRECT_OBJC_ISA_USAGE = YES_ERROR;
				CLANG_WARN_DOCUMENTATION_COMMENTS = YES;
				CLANG_WARN_EMPTY_BODY = YES;
				CLANG_WARN_ENUM_CONVERSION = YES;
				CLANG_WARN_INFINITE_RECURSION = YES;
				CLANG_WARN_INT_CONVERSION = YES;
				CLANG_WARN_NON_LITERAL_NULL_CONVERSION = YES;
				CLANG_WARN_OBJC_IMPLICIT_RETAIN_SELF = YES;
				CLANG_WARN_OBJC_LITERAL_CONVERSION = YES;
				CLANG_WARN_OBJC_ROOT_CLASS = YES_ERROR;
				CLANG_WARN_RANGE_LOOP_ANALYSIS = YES;
				CLANG_WARN_STRICT_PROTOTYPES = YES;
				CLANG_WARN_SUSPICIOUS_MOVE = YES;
				CLANG_WARN_UNGUARDED_AVAILABILITY = YES_AGGRESSIVE;
				CLANG_WARN_UNREACHABLE_CODE = YES;
				CLANG_WARN__DUPLICATE_METHOD_MATCH = YES;
				CODE_SIGN_IDENTITY = "iPhone Developer";
				COPY_PHASE_STRIP = NO;
				DEBUG_INFORMATION_FORMAT = "dwarf-with-dsym";
				ENABLE_NS_ASSERTIONS = NO;
				ENABLE_STRICT_OBJC_MSGSEND = YES;
				GCC_C_LANGUAGE_STANDARD = gnu11;
				GCC_NO_COMMON_BLOCKS = YES;
				GCC_WARN_64_TO_32_BIT_CONVERSION = YES;
				GCC_WARN_ABOUT_RETURN_TYPE = YES_ERROR;
				GCC_WARN_UNDECLARED_SELECTOR = YES;
				GCC_WARN_UNINITIALIZED_AUTOS = YES_AGGRESSIVE;
				GCC_WARN_UNUSED_FUNCTION = YES;
				GCC_WARN_UNUSED_VARIABLE = YES;
				IPHONEOS_DEPLOYMENT_TARGET = 12.1;
				MTL_ENABLE_DEBUG_INFO = NO;
				MTL_FAST_MATH = YES;
				SDKROOT = iphoneos;
				SWIFT_COMPILATION_MODE = wholemodule;
				SWIFT_OPTIMIZATION_LEVEL = "-O";
				VALIDATE_PRODUCT = YES;
			};
			name = Release;
		};
		02618FEA21B0053000E228B2 /* Debug */ = {
			isa = XCBuildConfiguration;
			buildSettings = {
				ASSETCATALOG_COMPILER_APPICON_NAME = AppIcon;
				CODE_SIGN_STYLE = Automatic;
				DEVELOPMENT_TEAM = P6XDXRR446;
				INFOPLIST_FILE = "$(SRCROOT)/NewsReader/SupportingFiles/Info.plist";
				IPHONEOS_DEPLOYMENT_TARGET = 10.0;
				LD_RUNPATH_SEARCH_PATHS = (
					"$(inherited)",
					"@executable_path/Frameworks",
				);
				PRODUCT_BUNDLE_IDENTIFIER = ch.nth.news2018.svukovic;
				PRODUCT_NAME = "$(TARGET_NAME)";
				SWIFT_VERSION = 4.2;
				TARGETED_DEVICE_FAMILY = "1,2";
			};
			name = Debug;
		};
		02618FEB21B0053000E228B2 /* Release */ = {
			isa = XCBuildConfiguration;
			buildSettings = {
				ASSETCATALOG_COMPILER_APPICON_NAME = AppIcon;
				CODE_SIGN_STYLE = Automatic;
				DEVELOPMENT_TEAM = P6XDXRR446;
				INFOPLIST_FILE = "$(SRCROOT)/NewsReader/SupportingFiles/Info.plist";
				IPHONEOS_DEPLOYMENT_TARGET = 10.0;
				LD_RUNPATH_SEARCH_PATHS = (
					"$(inherited)",
					"@executable_path/Frameworks",
				);
				PRODUCT_BUNDLE_IDENTIFIER = ch.nth.news2018.svukovic;
				PRODUCT_NAME = "$(TARGET_NAME)";
				SWIFT_VERSION = 4.2;
				TARGETED_DEVICE_FAMILY = "1,2";
			};
			name = Release;
		};
		02618FED21B0053000E228B2 /* Debug */ = {
			isa = XCBuildConfiguration;
			buildSettings = {
				ALWAYS_EMBED_SWIFT_STANDARD_LIBRARIES = YES;
				BUNDLE_LOADER = "$(TEST_HOST)";
				CODE_SIGN_STYLE = Automatic;
				DEVELOPMENT_TEAM = P6XDXRR446;
				INFOPLIST_FILE = NewsReaderTests/Info.plist;
				LD_RUNPATH_SEARCH_PATHS = (
					"$(inherited)",
					"@executable_path/Frameworks",
					"@loader_path/Frameworks",
				);
				PRODUCT_BUNDLE_IDENTIFIER = com.sinisa.vukovic.newsreader.NewsReaderTests;
				PRODUCT_NAME = "$(TARGET_NAME)";
				SWIFT_VERSION = 4.2;
				TARGETED_DEVICE_FAMILY = "1,2";
				TEST_HOST = "$(BUILT_PRODUCTS_DIR)/NewsReader.app/NewsReader";
			};
			name = Debug;
		};
		02618FEE21B0053000E228B2 /* Release */ = {
			isa = XCBuildConfiguration;
			buildSettings = {
				ALWAYS_EMBED_SWIFT_STANDARD_LIBRARIES = YES;
				BUNDLE_LOADER = "$(TEST_HOST)";
				CODE_SIGN_STYLE = Automatic;
				DEVELOPMENT_TEAM = P6XDXRR446;
				INFOPLIST_FILE = NewsReaderTests/Info.plist;
				LD_RUNPATH_SEARCH_PATHS = (
					"$(inherited)",
					"@executable_path/Frameworks",
					"@loader_path/Frameworks",
				);
				PRODUCT_BUNDLE_IDENTIFIER = com.sinisa.vukovic.newsreader.NewsReaderTests;
				PRODUCT_NAME = "$(TARGET_NAME)";
				SWIFT_VERSION = 4.2;
				TARGETED_DEVICE_FAMILY = "1,2";
				TEST_HOST = "$(BUILT_PRODUCTS_DIR)/NewsReader.app/NewsReader";
			};
			name = Release;
		};
		02618FF021B0053000E228B2 /* Debug */ = {
			isa = XCBuildConfiguration;
			buildSettings = {
				ALWAYS_EMBED_SWIFT_STANDARD_LIBRARIES = YES;
				CODE_SIGN_STYLE = Automatic;
				DEVELOPMENT_TEAM = P6XDXRR446;
				INFOPLIST_FILE = NewsReaderUITests/Info.plist;
				LD_RUNPATH_SEARCH_PATHS = (
					"$(inherited)",
					"@executable_path/Frameworks",
					"@loader_path/Frameworks",
				);
				PRODUCT_BUNDLE_IDENTIFIER = com.sinisa.vukovic.newsreader.NewsReaderUITests;
				PRODUCT_NAME = "$(TARGET_NAME)";
				SWIFT_VERSION = 4.2;
				TARGETED_DEVICE_FAMILY = "1,2";
				TEST_TARGET_NAME = NewsReader;
			};
			name = Debug;
		};
		02618FF121B0053000E228B2 /* Release */ = {
			isa = XCBuildConfiguration;
			buildSettings = {
				ALWAYS_EMBED_SWIFT_STANDARD_LIBRARIES = YES;
				CODE_SIGN_STYLE = Automatic;
				DEVELOPMENT_TEAM = P6XDXRR446;
				INFOPLIST_FILE = NewsReaderUITests/Info.plist;
				LD_RUNPATH_SEARCH_PATHS = (
					"$(inherited)",
					"@executable_path/Frameworks",
					"@loader_path/Frameworks",
				);
				PRODUCT_BUNDLE_IDENTIFIER = com.sinisa.vukovic.newsreader.NewsReaderUITests;
				PRODUCT_NAME = "$(TARGET_NAME)";
				SWIFT_VERSION = 4.2;
				TARGETED_DEVICE_FAMILY = "1,2";
				TEST_TARGET_NAME = NewsReader;
			};
			name = Release;
		};
/* End XCBuildConfiguration section */

/* Begin XCConfigurationList section */
		02618FB921B0052E00E228B2 /* Build configuration list for PBXProject "NewsReader" */ = {
			isa = XCConfigurationList;
			buildConfigurations = (
				02618FE721B0053000E228B2 /* Debug */,
				02618FE821B0053000E228B2 /* Release */,
			);
			defaultConfigurationIsVisible = 0;
			defaultConfigurationName = Release;
		};
		02618FE921B0053000E228B2 /* Build configuration list for PBXNativeTarget "NewsReader" */ = {
			isa = XCConfigurationList;
			buildConfigurations = (
				02618FEA21B0053000E228B2 /* Debug */,
				02618FEB21B0053000E228B2 /* Release */,
			);
			defaultConfigurationIsVisible = 0;
			defaultConfigurationName = Release;
		};
		02618FEC21B0053000E228B2 /* Build configuration list for PBXNativeTarget "NewsReaderTests" */ = {
			isa = XCConfigurationList;
			buildConfigurations = (
				02618FED21B0053000E228B2 /* Debug */,
				02618FEE21B0053000E228B2 /* Release */,
			);
			defaultConfigurationIsVisible = 0;
			defaultConfigurationName = Release;
		};
		02618FEF21B0053000E228B2 /* Build configuration list for PBXNativeTarget "NewsReaderUITests" */ = {
			isa = XCConfigurationList;
			buildConfigurations = (
				02618FF021B0053000E228B2 /* Debug */,
				02618FF121B0053000E228B2 /* Release */,
			);
			defaultConfigurationIsVisible = 0;
			defaultConfigurationName = Release;
		};
/* End XCConfigurationList section */
	};
	rootObject = 02618FB621B0052E00E228B2 /* Project object */;
}
