// !$*UTF8*$!
{
	archiveVersion = 1;
	classes = {
	};
	objectVersion = 50;
	objects = {

/* Begin PBXBuildFile section */
		02618FC221B0052E00E228B2 /* AppDelegate.swift in Sources */ = {isa = PBXBuildFile; fileRef = 02618FC121B0052E00E228B2 /* AppDelegate.swift */; };
		02618FC421B0052E00E228B2 /* ViewController.swift in Sources */ = {isa = PBXBuildFile; fileRef = 02618FC321B0052E00E228B2 /* ViewController.swift */; };
		02618FC721B0052E00E228B2 /* Main.storyboard in Resources */ = {isa = PBXBuildFile; fileRef = 02618FC521B0052E00E228B2 /* Main.storyboard */; };
		02618FCA21B0052F00E228B2 /* NewsReader.xcdatamodeld in Sources */ = {isa = PBXBuildFile; fileRef = 02618FC821B0052F00E228B2 /* NewsReader.xcdatamodeld */; };
		02618FCC21B0053000E228B2 /* Assets.xcassets in Resources */ = {isa = PBXBuildFile; fileRef = 02618FCB21B0053000E228B2 /* Assets.xcassets */; };
		02618FCF21B0053000E228B2 /* LaunchScreen.storyboard in Resources */ = {isa = PBXBuildFile; fileRef = 02618FCD21B0053000E228B2 /* LaunchScreen.storyboard */; };
		02618FDA21B0053000E228B2 /* NewsReaderTests.swift in Sources */ = {isa = PBXBuildFile; fileRef = 02618FD921B0053000E228B2 /* NewsReaderTests.swift */; };
		02618FE521B0053000E228B2 /* NewsReaderUITests.swift in Sources */ = {isa = PBXBuildFile; fileRef = 02618FE421B0053000E228B2 /* NewsReaderUITests.swift */; };
/* End PBXBuildFile section */

/* Begin PBXContainerItemProxy section */
		02618FD621B0053000E228B2 /* PBXContainerItemProxy */ = {
			isa = PBXContainerItemProxy;
			containerPortal = 02618FB621B0052E00E228B2 /* Project object */;
			proxyType = 1;
			remoteGlobalIDString = 02618FBD21B0052E00E228B2;
			remoteInfo = NewsReader;
		};
		02618FE121B0053000E228B2 /* PBXContainerItemProxy */ = {
			isa = PBXContainerItemProxy;
			containerPortal = 02618FB621B0052E00E228B2 /* Project object */;
			proxyType = 1;
			remoteGlobalIDString = 02618FBD21B0052E00E228B2;
			remoteInfo = NewsReader;
		};
/* End PBXContainerItemProxy section */

/* Begin PBXFileReference section */
		02618FBE21B0052E00E228B2 /* NewsReader.app */ = {isa = PBXFileReference; explicitFileType = wrapper.application; includeInIndex = 0; path = NewsReader.app; sourceTree = BUILT_PRODUCTS_DIR; };
		02618FC121B0052E00E228B2 /* AppDelegate.swift */ = {isa = PBXFileReference; lastKnownFileType = sourcecode.swift; path = AppDelegate.swift; sourceTree = "<group>"; };
		02618FC321B0052E00E228B2 /* ViewController.swift */ = {isa = PBXFileReference; lastKnownFileType = sourcecode.swift; path = ViewController.swift; sourceTree = "<group>"; };
		02618FC621B0052E00E228B2 /* Base */ = {isa = PBXFileReference; lastKnownFileType = file.storyboard; name = Base; path = Base.lproj/Main.storyboard; sourceTree = "<group>"; };
		02618FC921B0052F00E228B2 /* NewsReader.xcdatamodel */ = {isa = PBXFileReference; lastKnownFileType = wrapper.xcdatamodel; path = NewsReader.xcdatamodel; sourceTree = "<group>"; };
		02618FCB21B0053000E228B2 /* Assets.xcassets */ = {isa = PBXFileReference; lastKnownFileType = folder.assetcatalog; path = Assets.xcassets; sourceTree = "<group>"; };
		02618FCE21B0053000E228B2 /* Base */ = {isa = PBXFileReference; lastKnownFileType = file.storyboard; name = Base; path = Base.lproj/LaunchScreen.storyboard; sourceTree = "<group>"; };
		02618FD021B0053000E228B2 /* Info.plist */ = {isa = PBXFileReference; lastKnownFileType = text.plist.xml; path = Info.plist; sourceTree = "<group>"; };
		02618FD521B0053000E228B2 /* NewsReaderTests.xctest */ = {isa = PBXFileReference; explicitFileType = wrapper.cfbundle; includeInIndex = 0; path = NewsReaderTests.xctest; sourceTree = BUILT_PRODUCTS_DIR; };
		02618FD921B0053000E228B2 /* NewsReaderTests.swift */ = {isa = PBXFileReference; lastKnownFileType = sourcecode.swift; path = NewsReaderTests.swift; sourceTree = "<group>"; };
		02618FDB21B0053000E228B2 /* Info.plist */ = {isa = PBXFileReference; lastKnownFileType = text.plist.xml; path = Info.plist; sourceTree = "<group>"; };
		02618FE021B0053000E228B2 /* NewsReaderUITests.xctest */ = {isa = PBXFileReference; explicitFileType = wrapper.cfbundle; includeInIndex = 0; path = NewsReaderUITests.xctest; sourceTree = BUILT_PRODUCTS_DIR; };
		02618FE421B0053000E228B2 /* NewsReaderUITests.swift */ = {isa = PBXFileReference; lastKnownFileType = sourcecode.swift; path = NewsReaderUITests.swift; sourceTree = "<group>"; };
		02618FE621B0053000E228B2 /* Info.plist */ = {isa = PBXFileReference; lastKnownFileType = text.plist.xml; path = Info.plist; sourceTree = "<group>"; };
/* End PBXFileReference section */

/* Begin PBXFrameworksBuildPhase section */
		02618FBB21B0052E00E228B2 /* Frameworks */ = {
			isa = PBXFrameworksBuildPhase;
			buildActionMask = 2147483647;
			files = (
			);
			runOnlyForDeploymentPostprocessing = 0;
		};
		02618FD221B0053000E228B2 /* Frameworks */ = {
			isa = PBXFrameworksBuildPhase;
			buildActionMask = 2147483647;
			files = (
			);
			runOnlyForDeploymentPostprocessing = 0;
		};
		02618FDD21B0053000E228B2 /* Frameworks */ = {
			isa = PBXFrameworksBuildPhase;
			buildActionMask = 2147483647;
			files = (
			);
			runOnlyForDeploymentPostprocessing = 0;
		};
/* End PBXFrameworksBuildPhase section */

/* Begin PBXGroup section */
		02618FB521B0052E00E228B2 = {
			isa = PBXGroup;
			children = (
				02618FC021B0052E00E228B2 /* NewsReader */,
				02618FD821B0053000E228B2 /* NewsReaderTests */,
				02618FE321B0053000E228B2 /* NewsReaderUITests */,
				02618FBF21B0052E00E228B2 /* Products */,
			);
			sourceTree = "<group>";
		};
		02618FBF21B0052E00E228B2 /* Products */ = {
			isa = PBXGroup;
			children = (
				02618FBE21B0052E00E228B2 /* NewsReader.app */,
				02618FD521B0053000E228B2 /* NewsReaderTests.xctest */,
				02618FE021B0053000E228B2 /* NewsReaderUITests.xctest */,
			);
			name = Products;
			sourceTree = "<group>";
		};
		02618FC021B0052E00E228B2 /* NewsReader */ = {
			isa = PBXGroup;
			children = (
				02618FC121B0052E00E228B2 /* AppDelegate.swift */,
				02618FC321B0052E00E228B2 /* ViewController.swift */,
				02618FC521B0052E00E228B2 /* Main.storyboard */,
				02618FCB21B0053000E228B2 /* Assets.xcassets */,
				02618FCD21B0053000E228B2 /* LaunchScreen.storyboard */,
				02618FD021B0053000E228B2 /* Info.plist */,
				02618FC821B0052F00E228B2 /* NewsReader.xcdatamodeld */,
			);
			path = NewsReader;
			sourceTree = "<group>";
		};
		02618FD821B0053000E228B2 /* NewsReaderTests */ = {
			isa = PBXGroup;
			children = (
				02618FD921B0053000E228B2 /* NewsReaderTests.swift */,
				02618FDB21B0053000E228B2 /* Info.plist */,
			);
			path = NewsReaderTests;
			sourceTree = "<group>";
		};
		02618FE321B0053000E228B2 /* NewsReaderUITests */ = {
			isa = PBXGroup;
			children = (
				02618FE421B0053000E228B2 /* NewsReaderUITests.swift */,
				02618FE621B0053000E228B2 /* Info.plist */,
			);
			path = NewsReaderUITests;
			sourceTree = "<group>";
		};
/* End PBXGroup section */

/* Begin PBXNativeTarget section */
		02618FBD21B0052E00E228B2 /* NewsReader */ = {
			isa = PBXNativeTarget;
			buildConfigurationList = 02618FE921B0053000E228B2 /* Build configuration list for PBXNativeTarget "NewsReader" */;
			buildPhases = (
				02618FBA21B0052E00E228B2 /* Sources */,
				02618FBB21B0052E00E228B2 /* Frameworks */,
				02618FBC21B0052E00E228B2 /* Resources */,
			);
			buildRules = (
			);
			dependencies = (
			);
			name = NewsReader;
			productName = NewsReader;
			productReference = 02618FBE21B0052E00E228B2 /* NewsReader.app */;
			productType = "com.apple.product-type.application";
		};
		02618FD421B0053000E228B2 /* NewsReaderTests */ = {
			isa = PBXNativeTarget;
			buildConfigurationList = 02618FEC21B0053000E228B2 /* Build configuration list for PBXNativeTarget "NewsReaderTests" */;
			buildPhases = (
				02618FD121B0053000E228B2 /* Sources */,
				02618FD221B0053000E228B2 /* Frameworks */,
				02618FD321B0053000E228B2 /* Resources */,
			);
			buildRules = (
			);
			dependencies = (
				02618FD721B0053000E228B2 /* PBXTargetDependency */,
			);
			name = NewsReaderTests;
			productName = NewsReaderTests;
			productReference = 02618FD521B0053000E228B2 /* NewsReaderTests.xctest */;
			productType = "com.apple.product-type.bundle.unit-test";
		};
		02618FDF21B0053000E228B2 /* NewsReaderUITests */ = {
			isa = PBXNativeTarget;
			buildConfigurationList = 02618FEF21B0053000E228B2 /* Build configuration list for PBXNativeTarget "NewsReaderUITests" */;
			buildPhases = (
				02618FDC21B0053000E228B2 /* Sources */,
				02618FDD21B0053000E228B2 /* Frameworks */,
				02618FDE21B0053000E228B2 /* Resources */,
			);
			buildRules = (
			);
			dependencies = (
				02618FE221B0053000E228B2 /* PBXTargetDependency */,
			);
			name = NewsReaderUITests;
			productName = NewsReaderUITests;
			productReference = 02618FE021B0053000E228B2 /* NewsReaderUITests.xctest */;
			productType = "com.apple.product-type.bundle.ui-testing";
		};
/* End PBXNativeTarget section */

/* Begin PBXProject section */
		02618FB621B0052E00E228B2 /* Project object */ = {
			isa = PBXProject;
			attributes = {
				LastSwiftUpdateCheck = 1010;
				LastUpgradeCheck = 1010;
				ORGANIZATIONNAME = "Sinisa Vukovic";
				TargetAttributes = {
					02618FBD21B0052E00E228B2 = {
						CreatedOnToolsVersion = 10.1;
					};
					02618FD421B0053000E228B2 = {
						CreatedOnToolsVersion = 10.1;
						TestTargetID = 02618FBD21B0052E00E228B2;
					};
					02618FDF21B0053000E228B2 = {
						CreatedOnToolsVersion = 10.1;
						TestTargetID = 02618FBD21B0052E00E228B2;
					};
				};
			};
			buildConfigurationList = 02618FB921B0052E00E228B2 /* Build configuration list for PBXProject "NewsReader" */;
			compatibilityVersion = "Xcode 9.3";
			developmentRegion = en;
			hasScannedForEncodings = 0;
			knownRegions = (
				en,
				Base,
			);
			mainGroup = 02618FB521B0052E00E228B2;
			productRefGroup = 02618FBF21B0052E00E228B2 /* Products */;
			projectDirPath = "";
			projectRoot = "";
			targets = (
				02618FBD21B0052E00E228B2 /* NewsReader */,
				02618FD421B0053000E228B2 /* NewsReaderTests */,
				02618FDF21B0053000E228B2 /* NewsReaderUITests */,
			);
		};
/* End PBXProject section */

/* Begin PBXResourcesBuildPhase section */
		02618FBC21B0052E00E228B2 /* Resources */ = {
			isa = PBXResourcesBuildPhase;
			buildActionMask = 2147483647;
			files = (
				02618FCF21B0053000E228B2 /* LaunchScreen.storyboard in Resources */,
				02618FCC21B0053000E228B2 /* Assets.xcassets in Resources */,
				02618FC721B0052E00E228B2 /* Main.storyboard in Resources */,
			);
			runOnlyForDeploymentPostprocessing = 0;
		};
		02618FD321B0053000E228B2 /* Resources */ = {
			isa = PBXResourcesBuildPhase;
			buildActionMask = 2147483647;
			files = (
			);
			runOnlyForDeploymentPostprocessing = 0;
		};
		02618FDE21B0053000E228B2 /* Resources */ = {
			isa = PBXResourcesBuildPhase;
			buildActionMask = 2147483647;
			files = (
			);
			runOnlyForDeploymentPostprocessing = 0;
		};
/* End PBXResourcesBuildPhase section */

/* Begin PBXSourcesBuildPhase section */
		02618FBA21B0052E00E228B2 /* Sources */ = {
			isa = PBXSourcesBuildPhase;
			buildActionMask = 2147483647;
			files = (
				02618FCA21B0052F00E228B2 /* NewsReader.xcdatamodeld in Sources */,
				02618FC421B0052E00E228B2 /* ViewController.swift in Sources */,
				02618FC221B0052E00E228B2 /* AppDelegate.swift in Sources */,
			);
			runOnlyForDeploymentPostprocessing = 0;
		};
		02618FD121B0053000E228B2 /* Sources */ = {
			isa = PBXSourcesBuildPhase;
			buildActionMask = 2147483647;
			files = (
				02618FDA21B0053000E228B2 /* NewsReaderTests.swift in Sources */,
			);
			runOnlyForDeploymentPostprocessing = 0;
		};
		02618FDC21B0053000E228B2 /* Sources */ = {
			isa = PBXSourcesBuildPhase;
			buildActionMask = 2147483647;
			files = (
				02618FE521B0053000E228B2 /* NewsReaderUITests.swift in Sources */,
			);
			runOnlyForDeploymentPostprocessing = 0;
		};
/* End PBXSourcesBuildPhase section */

/* Begin PBXTargetDependency section */
		02618FD721B0053000E228B2 /* PBXTargetDependency */ = {
			isa = PBXTargetDependency;
			target = 02618FBD21B0052E00E228B2 /* NewsReader */;
			targetProxy = 02618FD621B0053000E228B2 /* PBXContainerItemProxy */;
		};
		02618FE221B0053000E228B2 /* PBXTargetDependency */ = {
			isa = PBXTargetDependency;
			target = 02618FBD21B0052E00E228B2 /* NewsReader */;
			targetProxy = 02618FE121B0053000E228B2 /* PBXContainerItemProxy */;
		};
/* End PBXTargetDependency section */

/* Begin PBXVariantGroup section */
		02618FC521B0052E00E228B2 /* Main.storyboard */ = {
			isa = PBXVariantGroup;
			children = (
				02618FC621B0052E00E228B2 /* Base */,
			);
			name = Main.storyboard;
			sourceTree = "<group>";
		};
		02618FCD21B0053000E228B2 /* LaunchScreen.storyboard */ = {
			isa = PBXVariantGroup;
			children = (
				02618FCE21B0053000E228B2 /* Base */,
			);
			name = LaunchScreen.storyboard;
			sourceTree = "<group>";
		};
/* End PBXVariantGroup section */

/* Begin XCBuildConfiguration section */
		02618FE721B0053000E228B2 /* Debug */ = {
			isa = XCBuildConfiguration;
			buildSettings = {
				ALWAYS_SEARCH_USER_PATHS = NO;
				CLANG_ANALYZER_NONNULL = YES;
				CLANG_ANALYZER_NUMBER_OBJECT_CONVERSION = YES_AGGRESSIVE;
				CLANG_CXX_LANGUAGE_STANDARD = "gnu++14";
				CLANG_CXX_LIBRARY = "libc++";
				CLANG_ENABLE_MODULES = YES;
				CLANG_ENABLE_OBJC_ARC = YES;
				CLANG_ENABLE_OBJC_WEAK = YES;
				CLANG_WARN_BLOCK_CAPTURE_AUTORELEASING = YES;
				CLANG_WARN_BOOL_CONVERSION = YES;
				CLANG_WARN_COMMA = YES;
				CLANG_WARN_CONSTANT_CONVERSION = YES;
				CLANG_WARN_DEPRECATED_OBJC_IMPLEMENTATIONS = YES;
				CLANG_WARN_DIRECT_OBJC_ISA_USAGE = YES_ERROR;
				CLANG_WARN_DOCUMENTATION_COMMENTS = YES;
				CLANG_WARN_EMPTY_BODY = YES;
				CLANG_WARN_ENUM_CONVERSION = YES;
				CLANG_WARN_INFINITE_RECURSION = YES;
				CLANG_WARN_INT_CONVERSION = YES;
				CLANG_WARN_NON_LITERAL_NULL_CONVERSION = YES;
				CLANG_WARN_OBJC_IMPLICIT_RETAIN_SELF = YES;
				CLANG_WARN_OBJC_LITERAL_CONVERSION = YES;
				CLANG_WARN_OBJC_ROOT_CLASS = YES_ERROR;
				CLANG_WARN_RANGE_LOOP_ANALYSIS = YES;
				CLANG_WARN_STRICT_PROTOTYPES = YES;
				CLANG_WARN_SUSPICIOUS_MOVE = YES;
				CLANG_WARN_UNGUARDED_AVAILABILITY = YES_AGGRESSIVE;
				CLANG_WARN_UNREACHABLE_CODE = YES;
				CLANG_WARN__DUPLICATE_METHOD_MATCH = YES;
				CODE_SIGN_IDENTITY = "iPhone Developer";
				COPY_PHASE_STRIP = NO;
				DEBUG_INFORMATION_FORMAT = dwarf;
				ENABLE_STRICT_OBJC_MSGSEND = YES;
				ENABLE_TESTABILITY = YES;
				GCC_C_LANGUAGE_STANDARD = gnu11;
				GCC_DYNAMIC_NO_PIC = NO;
				GCC_NO_COMMON_BLOCKS = YES;
				GCC_OPTIMIZATION_LEVEL = 0;
				GCC_PREPROCESSOR_DEFINITIONS = (
					"DEBUG=1",
					"$(inherited)",
				);
				GCC_WARN_64_TO_32_BIT_CONVERSION = YES;
				GCC_WARN_ABOUT_RETURN_TYPE = YES_ERROR;
				GCC_WARN_UNDECLARED_SELECTOR = YES;
				GCC_WARN_UNINITIALIZED_AUTOS = YES_AGGRESSIVE;
				GCC_WARN_UNUSED_FUNCTION = YES;
				GCC_WARN_UNUSED_VARIABLE = YES;
				IPHONEOS_DEPLOYMENT_TARGET = 12.1;
				MTL_ENABLE_DEBUG_INFO = INCLUDE_SOURCE;
				MTL_FAST_MATH = YES;
				ONLY_ACTIVE_ARCH = YES;
				SDKROOT = iphoneos;
				SWIFT_ACTIVE_COMPILATION_CONDITIONS = DEBUG;
				SWIFT_OPTIMIZATION_LEVEL = "-Onone";
			};
			name = Debug;
		};
		02618FE821B0053000E228B2 /* Release */ = {
			isa = XCBuildConfiguration;
			buildSettings = {
				ALWAYS_SEARCH_USER_PATHS = NO;
				CLANG_ANALYZER_NONNULL = YES;
				CLANG_ANALYZER_NUMBER_OBJECT_CONVERSION = YES_AGGRESSIVE;
				CLANG_CXX_LANGUAGE_STANDARD = "gnu++14";
				CLANG_CXX_LIBRARY = "libc++";
				CLANG_ENABLE_MODULES = YES;
				CLANG_ENABLE_OBJC_ARC = YES;
				CLANG_ENABLE_OBJC_WEAK = YES;
				CLANG_WARN_BLOCK_CAPTURE_AUTORELEASING = YES;
				CLANG_WARN_BOOL_CONVERSION = YES;
				CLANG_WARN_COMMA = YES;
				CLANG_WARN_CONSTANT_CONVERSION = YES;
				CLANG_WARN_DEPRECATED_OBJC_IMPLEMENTATIONS = YES;
				CLANG_WARN_DIRECT_OBJC_ISA_USAGE = YES_ERROR;
				CLANG_WARN_DOCUMENTATION_COMMENTS = YES;
				CLANG_WARN_EMPTY_BODY = YES;
				CLANG_WARN_ENUM_CONVERSION = YES;
				CLANG_WARN_INFINITE_RECURSION = YES;
				CLANG_WARN_INT_CONVERSION = YES;
				CLANG_WARN_NON_LITERAL_NULL_CONVERSION = YES;
				CLANG_WARN_OBJC_IMPLICIT_RETAIN_SELF = YES;
				CLANG_WARN_OBJC_LITERAL_CONVERSION = YES;
				CLANG_WARN_OBJC_ROOT_CLASS = YES_ERROR;
				CLANG_WARN_RANGE_LOOP_ANALYSIS = YES;
				CLANG_WARN_STRICT_PROTOTYPES = YES;
				CLANG_WARN_SUSPICIOUS_MOVE = YES;
				CLANG_WARN_UNGUARDED_AVAILABILITY = YES_AGGRESSIVE;
				CLANG_WARN_UNREACHABLE_CODE = YES;
				CLANG_WARN__DUPLICATE_METHOD_MATCH = YES;
				CODE_SIGN_IDENTITY = "iPhone Developer";
				COPY_PHASE_STRIP = NO;
				DEBUG_INFORMATION_FORMAT = "dwarf-with-dsym";
				ENABLE_NS_ASSERTIONS = NO;
				ENABLE_STRICT_OBJC_MSGSEND = YES;
				GCC_C_LANGUAGE_STANDARD = gnu11;
				GCC_NO_COMMON_BLOCKS = YES;
				GCC_WARN_64_TO_32_BIT_CONVERSION = YES;
				GCC_WARN_ABOUT_RETURN_TYPE = YES_ERROR;
				GCC_WARN_UNDECLARED_SELECTOR = YES;
				GCC_WARN_UNINITIALIZED_AUTOS = YES_AGGRESSIVE;
				GCC_WARN_UNUSED_FUNCTION = YES;
				GCC_WARN_UNUSED_VARIABLE = YES;
				IPHONEOS_DEPLOYMENT_TARGET = 12.1;
				MTL_ENABLE_DEBUG_INFO = NO;
				MTL_FAST_MATH = YES;
				SDKROOT = iphoneos;
				SWIFT_COMPILATION_MODE = wholemodule;
				SWIFT_OPTIMIZATION_LEVEL = "-O";
				VALIDATE_PRODUCT = YES;
			};
			name = Release;
		};
		02618FEA21B0053000E228B2 /* Debug */ = {
			isa = XCBuildConfiguration;
			buildSettings = {
				ASSETCATALOG_COMPILER_APPICON_NAME = AppIcon;
				CODE_SIGN_STYLE = Automatic;
				DEVELOPMENT_TEAM = P6XDXRR446;
				INFOPLIST_FILE = NewsReader/Info.plist;
				LD_RUNPATH_SEARCH_PATHS = (
					"$(inherited)",
					"@executable_path/Frameworks",
				);
				PRODUCT_BUNDLE_IDENTIFIER = com.sinisa.vukovic.newsreader.NewsReader;
				PRODUCT_NAME = "$(TARGET_NAME)";
				SWIFT_VERSION = 4.2;
				TARGETED_DEVICE_FAMILY = "1,2";
			};
			name = Debug;
		};
		02618FEB21B0053000E228B2 /* Release */ = {
			isa = XCBuildConfiguration;
			buildSettings = {
				ASSETCATALOG_COMPILER_APPICON_NAME = AppIcon;
				CODE_SIGN_STYLE = Automatic;
				DEVELOPMENT_TEAM = P6XDXRR446;
				INFOPLIST_FILE = NewsReader/Info.plist;
				LD_RUNPATH_SEARCH_PATHS = (
					"$(inherited)",
					"@executable_path/Frameworks",
				);
				PRODUCT_BUNDLE_IDENTIFIER = com.sinisa.vukovic.newsreader.NewsReader;
				PRODUCT_NAME = "$(TARGET_NAME)";
				SWIFT_VERSION = 4.2;
				TARGETED_DEVICE_FAMILY = "1,2";
			};
			name = Release;
		};
		02618FED21B0053000E228B2 /* Debug */ = {
			isa = XCBuildConfiguration;
			buildSettings = {
				ALWAYS_EMBED_SWIFT_STANDARD_LIBRARIES = YES;
				BUNDLE_LOADER = "$(TEST_HOST)";
				CODE_SIGN_STYLE = Automatic;
				DEVELOPMENT_TEAM = P6XDXRR446;
				INFOPLIST_FILE = NewsReaderTests/Info.plist;
				LD_RUNPATH_SEARCH_PATHS = (
					"$(inherited)",
					"@executable_path/Frameworks",
					"@loader_path/Frameworks",
				);
				PRODUCT_BUNDLE_IDENTIFIER = com.sinisa.vukovic.newsreader.NewsReaderTests;
				PRODUCT_NAME = "$(TARGET_NAME)";
				SWIFT_VERSION = 4.2;
				TARGETED_DEVICE_FAMILY = "1,2";
				TEST_HOST = "$(BUILT_PRODUCTS_DIR)/NewsReader.app/NewsReader";
			};
			name = Debug;
		};
		02618FEE21B0053000E228B2 /* Release */ = {
			isa = XCBuildConfiguration;
			buildSettings = {
				ALWAYS_EMBED_SWIFT_STANDARD_LIBRARIES = YES;
				BUNDLE_LOADER = "$(TEST_HOST)";
				CODE_SIGN_STYLE = Automatic;
				DEVELOPMENT_TEAM = P6XDXRR446;
				INFOPLIST_FILE = NewsReaderTests/Info.plist;
				LD_RUNPATH_SEARCH_PATHS = (
					"$(inherited)",
					"@executable_path/Frameworks",
					"@loader_path/Frameworks",
				);
				PRODUCT_BUNDLE_IDENTIFIER = com.sinisa.vukovic.newsreader.NewsReaderTests;
				PRODUCT_NAME = "$(TARGET_NAME)";
				SWIFT_VERSION = 4.2;
				TARGETED_DEVICE_FAMILY = "1,2";
				TEST_HOST = "$(BUILT_PRODUCTS_DIR)/NewsReader.app/NewsReader";
			};
			name = Release;
		};
		02618FF021B0053000E228B2 /* Debug */ = {
			isa = XCBuildConfiguration;
			buildSettings = {
				ALWAYS_EMBED_SWIFT_STANDARD_LIBRARIES = YES;
				CODE_SIGN_STYLE = Automatic;
				DEVELOPMENT_TEAM = P6XDXRR446;
				INFOPLIST_FILE = NewsReaderUITests/Info.plist;
				LD_RUNPATH_SEARCH_PATHS = (
					"$(inherited)",
					"@executable_path/Frameworks",
					"@loader_path/Frameworks",
				);
				PRODUCT_BUNDLE_IDENTIFIER = com.sinisa.vukovic.newsreader.NewsReaderUITests;
				PRODUCT_NAME = "$(TARGET_NAME)";
				SWIFT_VERSION = 4.2;
				TARGETED_DEVICE_FAMILY = "1,2";
				TEST_TARGET_NAME = NewsReader;
			};
			name = Debug;
		};
		02618FF121B0053000E228B2 /* Release */ = {
			isa = XCBuildConfiguration;
			buildSettings = {
				ALWAYS_EMBED_SWIFT_STANDARD_LIBRARIES = YES;
				CODE_SIGN_STYLE = Automatic;
				DEVELOPMENT_TEAM = P6XDXRR446;
				INFOPLIST_FILE = NewsReaderUITests/Info.plist;
				LD_RUNPATH_SEARCH_PATHS = (
					"$(inherited)",
					"@executable_path/Frameworks",
					"@loader_path/Frameworks",
				);
				PRODUCT_BUNDLE_IDENTIFIER = com.sinisa.vukovic.newsreader.NewsReaderUITests;
				PRODUCT_NAME = "$(TARGET_NAME)";
				SWIFT_VERSION = 4.2;
				TARGETED_DEVICE_FAMILY = "1,2";
				TEST_TARGET_NAME = NewsReader;
			};
			name = Release;
		};
/* End XCBuildConfiguration section */

/* Begin XCConfigurationList section */
		02618FB921B0052E00E228B2 /* Build configuration list for PBXProject "NewsReader" */ = {
			isa = XCConfigurationList;
			buildConfigurations = (
				02618FE721B0053000E228B2 /* Debug */,
				02618FE821B0053000E228B2 /* Release */,
			);
			defaultConfigurationIsVisible = 0;
			defaultConfigurationName = Release;
		};
		02618FE921B0053000E228B2 /* Build configuration list for PBXNativeTarget "NewsReader" */ = {
			isa = XCConfigurationList;
			buildConfigurations = (
				02618FEA21B0053000E228B2 /* Debug */,
				02618FEB21B0053000E228B2 /* Release */,
			);
			defaultConfigurationIsVisible = 0;
			defaultConfigurationName = Release;
		};
		02618FEC21B0053000E228B2 /* Build configuration list for PBXNativeTarget "NewsReaderTests" */ = {
			isa = XCConfigurationList;
			buildConfigurations = (
				02618FED21B0053000E228B2 /* Debug */,
				02618FEE21B0053000E228B2 /* Release */,
			);
			defaultConfigurationIsVisible = 0;
			defaultConfigurationName = Release;
		};
		02618FEF21B0053000E228B2 /* Build configuration list for PBXNativeTarget "NewsReaderUITests" */ = {
			isa = XCConfigurationList;
			buildConfigurations = (
				02618FF021B0053000E228B2 /* Debug */,
				02618FF121B0053000E228B2 /* Release */,
			);
			defaultConfigurationIsVisible = 0;
			defaultConfigurationName = Release;
		};
/* End XCConfigurationList section */

/* Begin XCVersionGroup section */
		02618FC821B0052F00E228B2 /* NewsReader.xcdatamodeld */ = {
			isa = XCVersionGroup;
			children = (
				02618FC921B0052F00E228B2 /* NewsReader.xcdatamodel */,
			);
			currentVersion = 02618FC921B0052F00E228B2 /* NewsReader.xcdatamodel */;
			path = NewsReader.xcdatamodeld;
			sourceTree = "<group>";
			versionGroupType = wrapper.xcdatamodel;
		};
/* End XCVersionGroup section */
	};
	rootObject = 02618FB621B0052E00E228B2 /* Project object */;
}
